
Microsoft Visual Studio Solution File, Format Version 12.00
# Visual Studio Version 17
VisualStudioVersion = 17.4.33122.133
MinimumVisualStudioVersion = 10.0.40219.1
Project("{FAE04EC0-301F-11D3-BF4B-00C04F79EFBC}") = "AccountingSoftware", "AccountingSoftware\AccountingSoftware.csproj", "{25C2D55D-8C94-4029-9367-2BBE89D00E9A}"
EndProject
Project("{2150E333-8FDC-42A3-9474-1A3956D46DE8}") = "Solution Items", "Solution Items", "{0955F7CE-5251-4455-9644-762A55587EEE}"
	ProjectSection(SolutionItems) = preProject
		.editorconfig = .editorconfig
	EndProjectSection
EndProject
Global
	GlobalSection(SolutionConfigurationPlatforms) = preSolution
		Debug|Any CPU = Debug|Any CPU
		Release|Any CPU = Release|Any CPU
	EndGlobalSection
	GlobalSection(ProjectConfigurationPlatforms) = postSolution
		{25C2D55D-8C94-4029-9367-2BBE89D00E9A}.Debug|Any CPU.ActiveCfg = Debug|Any CPU
		{25C2D55D-8C94-4029-9367-2BBE89D00E9A}.Debug|Any CPU.Build.0 = Debug|Any CPU
		{25C2D55D-8C94-4029-9367-2BBE89D00E9A}.Release|Any CPU.ActiveCfg = Release|Any CPU
		{25C2D55D-8C94-4029-9367-2BBE89D00E9A}.Release|Any CPU.Build.0 = Release|Any CPU
	EndGlobalSection
	GlobalSection(SolutionProperties) = preSolution
		HideSolutionNode = FALSE
	EndGlobalSection
	GlobalSection(ExtensibilityGlobals) = postSolution
		SolutionGuid = {AC0FA477-FDD1-4E9E-80C4-35C875C72E00}
	EndGlobalSection
EndGlobal
